
Microsoft Visual Studio Solution File, Format Version 12.00
# Visual Studio Version 16
VisualStudioVersion = 16.0.29709.97
MinimumVisualStudioVersion = 10.0.40219.1
Project("{FAE04EC0-301F-11D3-BF4B-00C04F79EFBC}") = "FirstNavalBattle", "FirstNavalBattle.csproj", "{AB6AC05D-6F58-42E8-9CBC-C48B86BA5B7F}"
EndProject
Global
	GlobalSection(SolutionConfigurationPlatforms) = preSolution
		Debug|Any CPU = Debug|Any CPU
		Release|Any CPU = Release|Any CPU
	EndGlobalSection
	GlobalSection(ProjectConfigurationPlatforms) = postSolution
		{AB6AC05D-6F58-42E8-9CBC-C48B86BA5B7F}.Debug|Any CPU.ActiveCfg = Debug|Any CPU
		{AB6AC05D-6F58-42E8-9CBC-C48B86BA5B7F}.Debug|Any CPU.Build.0 = Debug|Any CPU
		{AB6AC05D-6F58-42E8-9CBC-C48B86BA5B7F}.Release|Any CPU.ActiveCfg = Release|Any CPU
		{AB6AC05D-6F58-42E8-9CBC-C48B86BA5B7F}.Release|Any CPU.Build.0 = Release|Any CPU
	EndGlobalSection
	GlobalSection(SolutionProperties) = preSolution
		HideSolutionNode = FALSE
	EndGlobalSection
	GlobalSection(ExtensibilityGlobals) = postSolution
		SolutionGuid = {64461BAA-1734-46DD-991F-B56E8592B0FE}
	EndGlobalSection
EndGlobal
